
Microsoft Visual Studio Solution File, Format Version 12.00
# Visual Studio Version 17
VisualStudioVersion = 17.1.32228.430
MinimumVisualStudioVersion = 10.0.40219.1
Project("{9A19103F-16F7-4668-BE54-9A1E7A4F7556}") = "LivrEtec", "LivrEtec\LivrEtec.csproj", "{290AE602-4DB4-43EA-AA76-8F1BF8F241E0}"
EndProject
Project("{2150E333-8FDC-42A3-9474-1A3956D46DE8}") = "Solution Items", "Solution Items", "{72DC6960-4287-4E48-A36D-B238C9B2DCE6}"
EndProject
Project("{9A19103F-16F7-4668-BE54-9A1E7A4F7556}") = "temp-test", "temp-test\temp-test.csproj", "{E9DE158B-DD5C-4778-A2D6-F4194213878B}"
EndProject
Global
	GlobalSection(SolutionConfigurationPlatforms) = preSolution
		Debug|Any CPU = Debug|Any CPU
		Release|Any CPU = Release|Any CPU
	EndGlobalSection
	GlobalSection(ProjectConfigurationPlatforms) = postSolution
		{290AE602-4DB4-43EA-AA76-8F1BF8F241E0}.Debug|Any CPU.ActiveCfg = Debug|Any CPU
		{290AE602-4DB4-43EA-AA76-8F1BF8F241E0}.Debug|Any CPU.Build.0 = Debug|Any CPU
		{290AE602-4DB4-43EA-AA76-8F1BF8F241E0}.Release|Any CPU.ActiveCfg = Release|Any CPU
		{290AE602-4DB4-43EA-AA76-8F1BF8F241E0}.Release|Any CPU.Build.0 = Release|Any CPU
		{E9DE158B-DD5C-4778-A2D6-F4194213878B}.Debug|Any CPU.ActiveCfg = Debug|Any CPU
		{E9DE158B-DD5C-4778-A2D6-F4194213878B}.Debug|Any CPU.Build.0 = Debug|Any CPU
		{E9DE158B-DD5C-4778-A2D6-F4194213878B}.Release|Any CPU.ActiveCfg = Release|Any CPU
		{E9DE158B-DD5C-4778-A2D6-F4194213878B}.Release|Any CPU.Build.0 = Release|Any CPU
	EndGlobalSection
	GlobalSection(SolutionProperties) = preSolution
		HideSolutionNode = FALSE
	EndGlobalSection
	GlobalSection(ExtensibilityGlobals) = postSolution
		SolutionGuid = {F33BEE73-9E8A-4406-895F-21C662296022}
	EndGlobalSection
EndGlobal
