
Microsoft Visual Studio Solution File, Format Version 12.00
# Visual Studio Version 17
VisualStudioVersion = 17.1.32228.430
MinimumVisualStudioVersion = 10.0.40219.1
Project("{9A19103F-16F7-4668-BE54-9A1E7A4F7556}") = "LivrEtec", "LivrEtec\LivrEtec.csproj", "{290AE602-4DB4-43EA-AA76-8F1BF8F241E0}"
EndProject
Project("{9A19103F-16F7-4668-BE54-9A1E7A4F7556}") = "LivrEtec.Testes", "LivrEtec.Testes\LivrEtec.Testes.csproj", "{622EB2BB-2E88-4729-BBA4-0223DFF2EB7B}"
EndProject
Project("{9A19103F-16F7-4668-BE54-9A1E7A4F7556}") = "LivrEtec.GIB.Servidor", "LivrEtec.GIB.Servidor\LivrEtec.GIB.Servidor.csproj", "{AB5E0ACB-C618-4E64-8BB3-A8034B24148E}"
EndProject
Project("{9A19103F-16F7-4668-BE54-9A1E7A4F7556}") = "LivrEtec.GIB", "LivrEtec.GIB\LivrEtec.GIB.csproj", "{8EFFCA16-34C0-45C5-858E-27E6B9060B0F}"
EndProject
Project("{9A19103F-16F7-4668-BE54-9A1E7A4F7556}") = "LivrEtec.Servidor", "LivrEtec.Servidor\LivrEtec.Servidor.csproj", "{0EEE3126-0F8C-4FB6-9B99-E780D2DAEDDC}"
EndProject
Project("{2150E333-8FDC-42A3-9474-1A3956D46DE8}") = "Solution Items", "Solution Items", "{DDD92149-96F8-4818-A862-97512E70248A}"
EndProject
Project("{2150E333-8FDC-42A3-9474-1A3956D46DE8}") = "Itens de Solução", "Itens de Solução", "{A670F930-0576-4580-ABCC-405B4D4B38A2}"
EndProject
Project("{9A19103F-16F7-4668-BE54-9A1E7A4F7556}") = "LivrEtec.GIB.Cliente", "LivrEtec.GIB.Cliente\LivrEtec.GIB.Cliente.csproj", "{B88BF541-9BA8-405E-824B-80A5FEF9AC0B}"
Project("{E53339B2-1760-4266-BCC7-CA923CBCF16C}") = "docker-compose", "docker-compose.dcproj", "{A6FDE3F9-E074-4DBD-BD27-C2EBC860EED2}"
EndProject
Global
	GlobalSection(SolutionConfigurationPlatforms) = preSolution
		Debug|Any CPU = Debug|Any CPU
		Release|Any CPU = Release|Any CPU
	EndGlobalSection
	GlobalSection(ProjectConfigurationPlatforms) = postSolution
		{290AE602-4DB4-43EA-AA76-8F1BF8F241E0}.Debug|Any CPU.ActiveCfg = Debug|Any CPU
		{290AE602-4DB4-43EA-AA76-8F1BF8F241E0}.Debug|Any CPU.Build.0 = Debug|Any CPU
		{290AE602-4DB4-43EA-AA76-8F1BF8F241E0}.Release|Any CPU.ActiveCfg = Release|Any CPU
		{290AE602-4DB4-43EA-AA76-8F1BF8F241E0}.Release|Any CPU.Build.0 = Release|Any CPU
		{622EB2BB-2E88-4729-BBA4-0223DFF2EB7B}.Debug|Any CPU.ActiveCfg = Debug|Any CPU
		{622EB2BB-2E88-4729-BBA4-0223DFF2EB7B}.Debug|Any CPU.Build.0 = Debug|Any CPU
		{622EB2BB-2E88-4729-BBA4-0223DFF2EB7B}.Release|Any CPU.ActiveCfg = Release|Any CPU
		{622EB2BB-2E88-4729-BBA4-0223DFF2EB7B}.Release|Any CPU.Build.0 = Release|Any CPU
		{AB5E0ACB-C618-4E64-8BB3-A8034B24148E}.Debug|Any CPU.ActiveCfg = Debug|Any CPU
		{AB5E0ACB-C618-4E64-8BB3-A8034B24148E}.Debug|Any CPU.Build.0 = Debug|Any CPU
		{AB5E0ACB-C618-4E64-8BB3-A8034B24148E}.Release|Any CPU.ActiveCfg = Release|Any CPU
		{AB5E0ACB-C618-4E64-8BB3-A8034B24148E}.Release|Any CPU.Build.0 = Release|Any CPU
		{8EFFCA16-34C0-45C5-858E-27E6B9060B0F}.Debug|Any CPU.ActiveCfg = Debug|Any CPU
		{8EFFCA16-34C0-45C5-858E-27E6B9060B0F}.Debug|Any CPU.Build.0 = Debug|Any CPU
		{8EFFCA16-34C0-45C5-858E-27E6B9060B0F}.Release|Any CPU.ActiveCfg = Release|Any CPU
		{8EFFCA16-34C0-45C5-858E-27E6B9060B0F}.Release|Any CPU.Build.0 = Release|Any CPU
		{0EEE3126-0F8C-4FB6-9B99-E780D2DAEDDC}.Debug|Any CPU.ActiveCfg = Debug|Any CPU
		{0EEE3126-0F8C-4FB6-9B99-E780D2DAEDDC}.Debug|Any CPU.Build.0 = Debug|Any CPU
		{0EEE3126-0F8C-4FB6-9B99-E780D2DAEDDC}.Release|Any CPU.ActiveCfg = Release|Any CPU
		{0EEE3126-0F8C-4FB6-9B99-E780D2DAEDDC}.Release|Any CPU.Build.0 = Release|Any CPU
		{B88BF541-9BA8-405E-824B-80A5FEF9AC0B}.Debug|Any CPU.ActiveCfg = Debug|Any CPU
		{B88BF541-9BA8-405E-824B-80A5FEF9AC0B}.Debug|Any CPU.Build.0 = Debug|Any CPU
		{B88BF541-9BA8-405E-824B-80A5FEF9AC0B}.Debug|Any CPU.Deploy.0 = Debug|Any CPU
		{B88BF541-9BA8-405E-824B-80A5FEF9AC0B}.Release|Any CPU.ActiveCfg = Release|Any CPU
		{B88BF541-9BA8-405E-824B-80A5FEF9AC0B}.Release|Any CPU.Build.0 = Release|Any CPU
		{B88BF541-9BA8-405E-824B-80A5FEF9AC0B}.Release|Any CPU.Deploy.0 = Release|Any CPU
		{A6FDE3F9-E074-4DBD-BD27-C2EBC860EED2}.Debug|Any CPU.ActiveCfg = Debug|Any CPU
		{A6FDE3F9-E074-4DBD-BD27-C2EBC860EED2}.Debug|Any CPU.Build.0 = Debug|Any CPU
		{A6FDE3F9-E074-4DBD-BD27-C2EBC860EED2}.Release|Any CPU.ActiveCfg = Release|Any CPU
		{A6FDE3F9-E074-4DBD-BD27-C2EBC860EED2}.Release|Any CPU.Build.0 = Release|Any CPU
	EndGlobalSection
	GlobalSection(SolutionProperties) = preSolution
		HideSolutionNode = FALSE
	EndGlobalSection
	GlobalSection(ExtensibilityGlobals) = postSolution
		SolutionGuid = {F33BEE73-9E8A-4406-895F-21C662296022}
	EndGlobalSection
EndGlobal
